
Microsoft Visual Studio Solution File, Format Version 12.00
# Visual Studio Version 16
VisualStudioVersion = 16.0.32802.440
MinimumVisualStudioVersion = 10.0.40219.1
Project("{FAE04EC0-301F-11D3-BF4B-00C04F79EFBC}") = "DemoWinForm", "DemoWinForm\DemoWinForm.csproj", "{A887AA98-0D60-4925-AC97-84950C89505E}"
EndProject
Global
	GlobalSection(SolutionConfigurationPlatforms) = preSolution
		Debug|Any CPU = Debug|Any CPU
		Release|Any CPU = Release|Any CPU
	EndGlobalSection
	GlobalSection(ProjectConfigurationPlatforms) = postSolution
		{A887AA98-0D60-4925-AC97-84950C89505E}.Debug|Any CPU.ActiveCfg = Debug|Any CPU
		{A887AA98-0D60-4925-AC97-84950C89505E}.Debug|Any CPU.Build.0 = Debug|Any CPU
		{A887AA98-0D60-4925-AC97-84950C89505E}.Release|Any CPU.ActiveCfg = Release|Any CPU
		{A887AA98-0D60-4925-AC97-84950C89505E}.Release|Any CPU.Build.0 = Release|Any CPU
	EndGlobalSection
	GlobalSection(SolutionProperties) = preSolution
		HideSolutionNode = FALSE
	EndGlobalSection
	GlobalSection(ExtensibilityGlobals) = postSolution
		SolutionGuid = {735CE6E5-8449-44AE-8D43-D35650C63B5B}
	EndGlobalSection
EndGlobal
